{
  "name": "your-app-name",
  "version": "1.0.0",
  "lockfileVersion": 2,
  "requires": true,
  "packages": {
    "": {
      "name": "your-app-name",
      "version": "1.0.0",
      "dependencies": {
        "@clerk/clerk-sdk-node": "^4.17.2"
      },
      "devDependencies": {
        "ts-node": "^10.9.1",
        "typescript": "^5.1.6"
      }
    }
  }
}
